
Microsoft Visual Studio Solution File, Format Version 12.00
# Visual Studio Version 16
VisualStudioVersion = 16.0.29709.97
MinimumVisualStudioVersion = 10.0.40219.1
Project("{9A19103F-16F7-4668-BE54-9A1E7A4F7556}") = "OfferWeb", "OfferWeb\OfferWeb.csproj", "{57B79C1F-C40D-41CD-9DDE-F41CA538CD4A}"
EndProject
Project("{9A19103F-16F7-4668-BE54-9A1E7A4F7556}") = "Entities", "..\OfferServer\Entities\Entities.csproj", "{9F5795F4-8031-4722-B2C3-1F9A7AEE4789}"
EndProject
Global
	GlobalSection(SolutionConfigurationPlatforms) = preSolution
		Debug|Any CPU = Debug|Any CPU
		Release|Any CPU = Release|Any CPU
	EndGlobalSection
	GlobalSection(ProjectConfigurationPlatforms) = postSolution
		{57B79C1F-C40D-41CD-9DDE-F41CA538CD4A}.Debug|Any CPU.ActiveCfg = Debug|Any CPU
		{57B79C1F-C40D-41CD-9DDE-F41CA538CD4A}.Debug|Any CPU.Build.0 = Debug|Any CPU
		{57B79C1F-C40D-41CD-9DDE-F41CA538CD4A}.Release|Any CPU.ActiveCfg = Release|Any CPU
		{57B79C1F-C40D-41CD-9DDE-F41CA538CD4A}.Release|Any CPU.Build.0 = Release|Any CPU
		{9F5795F4-8031-4722-B2C3-1F9A7AEE4789}.Debug|Any CPU.ActiveCfg = Debug|Any CPU
		{9F5795F4-8031-4722-B2C3-1F9A7AEE4789}.Debug|Any CPU.Build.0 = Debug|Any CPU
		{9F5795F4-8031-4722-B2C3-1F9A7AEE4789}.Release|Any CPU.ActiveCfg = Release|Any CPU
		{9F5795F4-8031-4722-B2C3-1F9A7AEE4789}.Release|Any CPU.Build.0 = Release|Any CPU
	EndGlobalSection
	GlobalSection(SolutionProperties) = preSolution
		HideSolutionNode = FALSE
	EndGlobalSection
	GlobalSection(ExtensibilityGlobals) = postSolution
		SolutionGuid = {67947632-5372-4DDE-A9BC-B13795664455}
	EndGlobalSection
EndGlobal
